# @generated by Move, please check-in and do not edit manually.

[move]
version = 2
manifest_digest = "1221C8C0F6F9182FD93B0AC056EE63B6F8A2FC2A21EF5139EDC691C2EC5B3DE6"
deps_digest = "F8BBB0CCB2491CA29A3DF03D6F92277A4F3574266507ACD77214D37ECA3F3082"
dependencies = [
  { name = "Sui" },
]

[[move.package]]
name = "MoveStdlib"
source = { git = "https://github.com/MystenLabs/sui.git", rev = "mainnet-v1.31.1", subdir = "crates/sui-framework/packages/move-stdlib" }

[[move.package]]
name = "Sui"
source = { git = "https://github.com/MystenLabs/sui.git", rev = "mainnet-v1.31.1", subdir = "crates/sui-framework/packages/sui-framework" }

dependencies = [
  { name = "MoveStdlib" },
]

[move.toolchain-version]
compiler-version = "1.30.3"
edition = "2024.beta"
flavor = "sui"

[env]

[env.testnet]
chain-id = "4c78adac"
original-published-id = "0x6664144617db74279fc42b7f25c257fcb316f6193447c670631d5a4237bd04a5"
latest-published-id = "0x6664144617db74279fc42b7f25c257fcb316f6193447c670631d5a4237bd04a5"
published-version = "1"
