# @generated by Move, please check-in and do not edit manually.

[move]
version = 2
manifest_digest = "AC86BAD2E9190FB5A50B43412662F2D0EE810370F5824413BC5A551BEBF586B4"
deps_digest = "F8BBB0CCB2491CA29A3DF03D6F92277A4F3574266507ACD77214D37ECA3F3082"
dependencies = [
  { name = "Sui" },
]

[[move.package]]
name = "MoveStdlib"
source = { git = "https://github.com/MystenLabs/sui.git", rev = "mainnet-v1.31.1", subdir = "crates/sui-framework/packages/move-stdlib" }

[[move.package]]
name = "Sui"
source = { git = "https://github.com/MystenLabs/sui.git", rev = "mainnet-v1.31.1", subdir = "crates/sui-framework/packages/sui-framework" }

dependencies = [
  { name = "MoveStdlib" },
]

[move.toolchain-version]
compiler-version = "1.30.3"
edition = "2024.alpha"
flavor = "sui"

[env]

[env.testnet]
chain-id = "4c78adac"
original-published-id = "0x029075057760059f7683bb0629e612a9f50e1ccef3d03940e8419fdc493bcf5e"
latest-published-id = "0x029075057760059f7683bb0629e612a9f50e1ccef3d03940e8419fdc493bcf5e"
published-version = "1"
