# @generated by Move, please check-in and do not edit manually.

[move]
version = 2
manifest_digest = "03EC0C89E241E26BE610765A7848305A4A6F412A5108D2BF7BF445509D1038E1"
deps_digest = "F8BBB0CCB2491CA29A3DF03D6F92277A4F3574266507ACD77214D37ECA3F3082"
dependencies = [
  { name = "Sui" },
]

[[move.package]]
name = "MoveStdlib"
source = { git = "https://github.com/MystenLabs/sui.git", rev = "mainnet-v1.31.1", subdir = "crates/sui-framework/packages/move-stdlib" }

[[move.package]]
name = "Sui"
source = { git = "https://github.com/MystenLabs/sui.git", rev = "mainnet-v1.31.1", subdir = "crates/sui-framework/packages/sui-framework" }

dependencies = [
  { name = "MoveStdlib" },
]

[move.toolchain-version]
compiler-version = "1.30.3"
edition = "2024.alpha"
flavor = "sui"

[env]

[env.testnet]
chain-id = "4c78adac"
original-published-id = "0xa462935a4a79039e263e6b022ace0bf3947eb3946705e930e2c64f2846de4bc4"
latest-published-id = "0xa462935a4a79039e263e6b022ace0bf3947eb3946705e930e2c64f2846de4bc4"
published-version = "1"
